// !$*UTF8*$!
{
	archiveVersion = 1;
	classes = {
	};
	objectVersion = 56;
	objects = {

/* Begin PBXBuildFile section */
		A00000000000000000000101 /* VeilApp.swift in Sources */ = {isa = PBXBuildFile; fileRef = A00000000000000000000001 /* VeilApp.swift */; };
		A00000000000000000000102 /* Models.swift in Sources */ = {isa = PBXBuildFile; fileRef = A00000000000000000000002 /* Models.swift */; };
		A00000000000000000000103 /* VeilTheme.swift in Sources */ = {isa = PBXBuildFile; fileRef = A00000000000000000000003 /* VeilTheme.swift */; };
		A00000000000000000000104 /* AppFlowStore.swift in Sources */ = {isa = PBXBuildFile; fileRef = A00000000000000000000004 /* AppFlowStore.swift */; };
		A00000000000000000000105 /* DemoSocialStore.swift in Sources */ = {isa = PBXBuildFile; fileRef = A00000000000000000000005 /* DemoSocialStore.swift */; };
		A00000000000000000000106 /* SigilView.swift in Sources */ = {isa = PBXBuildFile; fileRef = A00000000000000000000006 /* SigilView.swift */; };
		A00000000000000000000107 /* PostCardView.swift in Sources */ = {isa = PBXBuildFile; fileRef = A00000000000000000000007 /* PostCardView.swift */; };
		A00000000000000000000108 /* OnboardingViews.swift in Sources */ = {isa = PBXBuildFile; fileRef = A00000000000000000000008 /* OnboardingViews.swift */; };
		A00000000000000000000109 /* FeedViews.swift in Sources */ = {isa = PBXBuildFile; fileRef = A00000000000000000000009 /* FeedViews.swift */; };
		A0000000000000000000010A /* ComposerView.swift in Sources */ = {isa = PBXBuildFile; fileRef = A0000000000000000000000A /* ComposerView.swift */; };
		A0000000000000000000010B /* MainTabView.swift in Sources */ = {isa = PBXBuildFile; fileRef = A0000000000000000000000B /* MainTabView.swift */; };
		A0000000000000000000010C /* SearchView.swift in Sources */ = {isa = PBXBuildFile; fileRef = A0000000000000000000000C /* SearchView.swift */; };
		A0000000000000000000010D /* MessagesView.swift in Sources */ = {isa = PBXBuildFile; fileRef = A0000000000000000000000D /* MessagesView.swift */; };
		A0000000000000000000010E /* ProfileAndSettingsViews.swift in Sources */ = {isa = PBXBuildFile; fileRef = A0000000000000000000000E /* ProfileAndSettingsViews.swift */; };
		A0000000000000000000010F /* ImageSanitizer.swift in Sources */ = {isa = PBXBuildFile; fileRef = A0000000000000000000000F /* ImageSanitizer.swift */; };
		A00000000000000000000110 /* MessagingProvider.swift in Sources */ = {isa = PBXBuildFile; fileRef = A00000000000000000000010 /* MessagingProvider.swift */; };
		A00000000000000000000111 /* ContractMapping.swift in Sources */ = {isa = PBXBuildFile; fileRef = A00000000000000000000013 /* ContractMapping.swift */; };
		A00000000000000000000112 /* APIClient.swift in Sources */ = {isa = PBXBuildFile; fileRef = A00000000000000000000014 /* APIClient.swift */; };
		A00000000000000000000113 /* DeviceCredentialStore.swift in Sources */ = {isa = PBXBuildFile; fileRef = A00000000000000000000015 /* DeviceCredentialStore.swift */; };
		A00000000000000000000114 /* MatrixMessagingProvider.swift in Sources */ = {isa = PBXBuildFile; fileRef = A00000000000000000000016 /* MatrixMessagingProvider.swift */; };
		A00000000000000000000115 /* VeilShared in Frameworks */ = {isa = PBXBuildFile; productRef = A00000000000000000000600 /* VeilShared */; };
		A00000000000000000000116 /* MatrixRustSDK in Frameworks */ = {isa = PBXBuildFile; productRef = A00000000000000000000601 /* MatrixRustSDK */; };
/* End PBXBuildFile section */

/* Begin PBXFileReference section */
		A00000000000000000000001 /* VeilApp.swift */ = {isa = PBXFileReference; lastKnownFileType = sourcecode.swift; path = VeilApp.swift; sourceTree = "<group>"; };
		A00000000000000000000002 /* Models.swift */ = {isa = PBXFileReference; lastKnownFileType = sourcecode.swift; path = Models.swift; sourceTree = "<group>"; };
		A00000000000000000000003 /* VeilTheme.swift */ = {isa = PBXFileReference; lastKnownFileType = sourcecode.swift; path = VeilTheme.swift; sourceTree = "<group>"; };
		A00000000000000000000004 /* AppFlowStore.swift */ = {isa = PBXFileReference; lastKnownFileType = sourcecode.swift; path = AppFlowStore.swift; sourceTree = "<group>"; };
		A00000000000000000000005 /* DemoSocialStore.swift */ = {isa = PBXFileReference; lastKnownFileType = sourcecode.swift; path = DemoSocialStore.swift; sourceTree = "<group>"; };
		A00000000000000000000006 /* SigilView.swift */ = {isa = PBXFileReference; lastKnownFileType = sourcecode.swift; path = SigilView.swift; sourceTree = "<group>"; };
		A00000000000000000000007 /* PostCardView.swift */ = {isa = PBXFileReference; lastKnownFileType = sourcecode.swift; path = PostCardView.swift; sourceTree = "<group>"; };
		A00000000000000000000008 /* OnboardingViews.swift */ = {isa = PBXFileReference; lastKnownFileType = sourcecode.swift; path = OnboardingViews.swift; sourceTree = "<group>"; };
		A00000000000000000000009 /* FeedViews.swift */ = {isa = PBXFileReference; lastKnownFileType = sourcecode.swift; path = FeedViews.swift; sourceTree = "<group>"; };
		A0000000000000000000000A /* ComposerView.swift */ = {isa = PBXFileReference; lastKnownFileType = sourcecode.swift; path = ComposerView.swift; sourceTree = "<group>"; };
		A0000000000000000000000B /* MainTabView.swift */ = {isa = PBXFileReference; lastKnownFileType = sourcecode.swift; path = MainTabView.swift; sourceTree = "<group>"; };
		A0000000000000000000000C /* SearchView.swift */ = {isa = PBXFileReference; lastKnownFileType = sourcecode.swift; path = SearchView.swift; sourceTree = "<group>"; };
		A0000000000000000000000D /* MessagesView.swift */ = {isa = PBXFileReference; lastKnownFileType = sourcecode.swift; path = MessagesView.swift; sourceTree = "<group>"; };
		A0000000000000000000000E /* ProfileAndSettingsViews.swift */ = {isa = PBXFileReference; lastKnownFileType = sourcecode.swift; path = ProfileAndSettingsViews.swift; sourceTree = "<group>"; };
		A0000000000000000000000F /* ImageSanitizer.swift */ = {isa = PBXFileReference; lastKnownFileType = sourcecode.swift; path = ImageSanitizer.swift; sourceTree = "<group>"; };
		A00000000000000000000010 /* MessagingProvider.swift */ = {isa = PBXFileReference; lastKnownFileType = sourcecode.swift; path = MessagingProvider.swift; sourceTree = "<group>"; };
		A00000000000000000000011 /* Info.plist */ = {isa = PBXFileReference; lastKnownFileType = text.plist.xml; path = Info.plist; sourceTree = "<group>"; };
		A00000000000000000000012 /* Veil.app */ = {isa = PBXFileReference; explicitFileType = wrapper.application; includeInIndex = 0; path = Veil.app; sourceTree = BUILT_PRODUCTS_DIR; };
		A00000000000000000000013 /* ContractMapping.swift */ = {isa = PBXFileReference; lastKnownFileType = sourcecode.swift; path = ContractMapping.swift; sourceTree = "<group>"; };
		A00000000000000000000014 /* APIClient.swift */ = {isa = PBXFileReference; lastKnownFileType = sourcecode.swift; path = APIClient.swift; sourceTree = "<group>"; };
		A00000000000000000000015 /* DeviceCredentialStore.swift */ = {isa = PBXFileReference; lastKnownFileType = sourcecode.swift; path = DeviceCredentialStore.swift; sourceTree = "<group>"; };
		A00000000000000000000016 /* MatrixMessagingProvider.swift */ = {isa = PBXFileReference; lastKnownFileType = sourcecode.swift; path = MatrixMessagingProvider.swift; sourceTree = "<group>"; };
/* End PBXFileReference section */

/* Begin PBXFrameworksBuildPhase section */
		A00000000000000000000203 /* Frameworks */ = {
			isa = PBXFrameworksBuildPhase;
			buildActionMask = 2147483647;
			files = (
				A00000000000000000000115 /* VeilShared in Frameworks */,
				A00000000000000000000116 /* MatrixRustSDK in Frameworks */,
			);
			runOnlyForDeploymentPostprocessing = 0;
		};
/* End PBXFrameworksBuildPhase section */

/* Begin PBXGroup section */
		A00000000000000000000300 = {
			isa = PBXGroup;
			children = (
				A00000000000000000000301 /* Veil */,
				A00000000000000000000308 /* Products */,
			);
			sourceTree = "<group>";
		};
		A00000000000000000000301 /* Veil */ = {
			isa = PBXGroup;
			children = (
				A00000000000000000000001 /* VeilApp.swift */,
				A00000000000000000000302 /* Models */,
				A00000000000000000000303 /* Design */,
				A00000000000000000000304 /* Stores */,
				A00000000000000000000305 /* Components */,
				A00000000000000000000306 /* Features */,
				A00000000000000000000307 /* Services */,
				A00000000000000000000309 /* Resources */,
			);
			path = Veil;
			sourceTree = "<group>";
		};
		A00000000000000000000302 /* Models */ = {
			isa = PBXGroup;
			children = (
				A00000000000000000000002 /* Models.swift */,
				A00000000000000000000013 /* ContractMapping.swift */,
			);
			path = Models;
			sourceTree = "<group>";
		};
		A00000000000000000000303 /* Design */ = {
			isa = PBXGroup;
			children = (A00000000000000000000003 /* VeilTheme.swift */);
			path = Design;
			sourceTree = "<group>";
		};
		A00000000000000000000304 /* Stores */ = {
			isa = PBXGroup;
			children = (
				A00000000000000000000004 /* AppFlowStore.swift */,
				A00000000000000000000005 /* DemoSocialStore.swift */,
			);
			path = Stores;
			sourceTree = "<group>";
		};
		A00000000000000000000305 /* Components */ = {
			isa = PBXGroup;
			children = (
				A00000000000000000000006 /* SigilView.swift */,
				A00000000000000000000007 /* PostCardView.swift */,
			);
			path = Components;
			sourceTree = "<group>";
		};
		A00000000000000000000306 /* Features */ = {
			isa = PBXGroup;
			children = (
				A00000000000000000000008 /* OnboardingViews.swift */,
				A00000000000000000000009 /* FeedViews.swift */,
				A0000000000000000000000A /* ComposerView.swift */,
				A0000000000000000000000B /* MainTabView.swift */,
				A0000000000000000000000C /* SearchView.swift */,
				A0000000000000000000000D /* MessagesView.swift */,
				A0000000000000000000000E /* ProfileAndSettingsViews.swift */,
			);
			path = Features;
			sourceTree = "<group>";
		};
		A00000000000000000000307 /* Services */ = {
			isa = PBXGroup;
			children = (
				A0000000000000000000000F /* ImageSanitizer.swift */,
				A00000000000000000000010 /* MessagingProvider.swift */,
				A00000000000000000000014 /* APIClient.swift */,
				A00000000000000000000015 /* DeviceCredentialStore.swift */,
				A00000000000000000000016 /* MatrixMessagingProvider.swift */,
			);
			path = Services;
			sourceTree = "<group>";
		};
		A00000000000000000000308 /* Products */ = {
			isa = PBXGroup;
			children = (A00000000000000000000012 /* Veil.app */);
			name = Products;
			sourceTree = "<group>";
		};
		A00000000000000000000309 /* Resources */ = {
			isa = PBXGroup;
			children = (A00000000000000000000011 /* Info.plist */);
			path = Resources;
			sourceTree = "<group>";
		};
/* End PBXGroup section */

/* Begin PBXNativeTarget section */
		A00000000000000000000200 /* Veil */ = {
			isa = PBXNativeTarget;
			buildConfigurationList = A00000000000000000000501 /* Build configuration list for PBXNativeTarget "Veil" */;
			buildPhases = (
				A00000000000000000000202 /* Sources */,
				A00000000000000000000203 /* Frameworks */,
				A00000000000000000000204 /* Resources */,
			);
			buildRules = ();
			dependencies = ();
			name = Veil;
			packageProductDependencies = (
				A00000000000000000000600 /* VeilShared */,
				A00000000000000000000601 /* MatrixRustSDK */,
			);
			productName = Veil;
			productReference = A00000000000000000000012 /* Veil.app */;
			productType = "com.apple.product-type.application";
		};
/* End PBXNativeTarget section */

/* Begin PBXProject section */
		A00000000000000000000100 /* Project object */ = {
			isa = PBXProject;
			attributes = {
				BuildIndependentTargetsInParallel = 1;
				LastSwiftUpdateCheck = 1500;
				LastUpgradeCheck = 1500;
				TargetAttributes = {
					A00000000000000000000200 = { CreatedOnToolsVersion = 15.0; };
				};
			};
			buildConfigurationList = A00000000000000000000500 /* Build configuration list for PBXProject "Veil" */;
			compatibilityVersion = "Xcode 14.0";
			developmentRegion = en;
			hasScannedForEncodings = 0;
			knownRegions = (en, Base);
			mainGroup = A00000000000000000000300;
			packageReferences = (
				A00000000000000000000700 /* XCLocalSwiftPackageReference "../Shared" */,
				A00000000000000000000701 /* XCRemoteSwiftPackageReference "matrix-rust-components-swift" */,
			);
			productRefGroup = A00000000000000000000308 /* Products */;
			projectDirPath = "";
			projectRoot = "";
			targets = (A00000000000000000000200 /* Veil */);
		};
/* End PBXProject section */

/* Begin PBXResourcesBuildPhase section */
		A00000000000000000000204 /* Resources */ = {
			isa = PBXResourcesBuildPhase;
			buildActionMask = 2147483647;
			files = ();
			runOnlyForDeploymentPostprocessing = 0;
		};
/* End PBXResourcesBuildPhase section */

/* Begin PBXSourcesBuildPhase section */
		A00000000000000000000202 /* Sources */ = {
			isa = PBXSourcesBuildPhase;
			buildActionMask = 2147483647;
			files = (
				A00000000000000000000101 /* VeilApp.swift in Sources */,
				A00000000000000000000102 /* Models.swift in Sources */,
				A00000000000000000000103 /* VeilTheme.swift in Sources */,
				A00000000000000000000104 /* AppFlowStore.swift in Sources */,
				A00000000000000000000105 /* DemoSocialStore.swift in Sources */,
				A00000000000000000000106 /* SigilView.swift in Sources */,
				A00000000000000000000107 /* PostCardView.swift in Sources */,
				A00000000000000000000108 /* OnboardingViews.swift in Sources */,
				A00000000000000000000109 /* FeedViews.swift in Sources */,
				A0000000000000000000010A /* ComposerView.swift in Sources */,
				A0000000000000000000010B /* MainTabView.swift in Sources */,
				A0000000000000000000010C /* SearchView.swift in Sources */,
				A0000000000000000000010D /* MessagesView.swift in Sources */,
				A0000000000000000000010E /* ProfileAndSettingsViews.swift in Sources */,
				A0000000000000000000010F /* ImageSanitizer.swift in Sources */,
				A00000000000000000000110 /* MessagingProvider.swift in Sources */,
				A00000000000000000000111 /* ContractMapping.swift in Sources */,
				A00000000000000000000112 /* APIClient.swift in Sources */,
				A00000000000000000000113 /* DeviceCredentialStore.swift in Sources */,
				A00000000000000000000114 /* MatrixMessagingProvider.swift in Sources */,
			);
			runOnlyForDeploymentPostprocessing = 0;
		};
/* End PBXSourcesBuildPhase section */

/* Begin XCLocalSwiftPackageReference section */
		A00000000000000000000700 /* XCLocalSwiftPackageReference "../Shared" */ = {
			isa = XCLocalSwiftPackageReference;
			relativePath = ../Shared;
		};
/* End XCLocalSwiftPackageReference section */

/* Begin XCRemoteSwiftPackageReference section */
		A00000000000000000000701 /* XCRemoteSwiftPackageReference "matrix-rust-components-swift" */ = {
			isa = XCRemoteSwiftPackageReference;
			repositoryURL = "https://github.com/matrix-org/matrix-rust-components-swift.git";
			requirement = {
				kind = exactVersion;
				version = 26.08.11;
			};
		};
/* End XCRemoteSwiftPackageReference section */

/* Begin XCSwiftPackageProductDependency section */
		A00000000000000000000600 /* VeilShared */ = {
			isa = XCSwiftPackageProductDependency;
			package = A00000000000000000000700 /* XCLocalSwiftPackageReference "../Shared" */;
			productName = VeilShared;
		};
		A00000000000000000000601 /* MatrixRustSDK */ = {
			isa = XCSwiftPackageProductDependency;
			package = A00000000000000000000701 /* XCRemoteSwiftPackageReference "matrix-rust-components-swift" */;
			productName = MatrixRustSDK;
		};
/* End XCSwiftPackageProductDependency section */

/* Begin XCBuildConfiguration section */
		A00000000000000000000400 /* Debug */ = {
			isa = XCBuildConfiguration;
			buildSettings = {
				ALWAYS_SEARCH_USER_PATHS = NO;
				CLANG_ENABLE_MODULES = YES;
				CLANG_ENABLE_OBJC_ARC = YES;
				CLANG_WARN_QUOTED_INCLUDE_IN_FRAMEWORK_HEADER = YES;
				COPY_PHASE_STRIP = NO;
				DEBUG_INFORMATION_FORMAT = dwarf;
				ENABLE_TESTABILITY = YES;
				GCC_C_LANGUAGE_STANDARD = gnu17;
				GCC_OPTIMIZATION_LEVEL = 0;
				GCC_PREPROCESSOR_DEFINITIONS = ("DEBUG=1", "$(inherited)");
				IPHONEOS_DEPLOYMENT_TARGET = 16.0;
				MTL_ENABLE_DEBUG_INFO = INCLUDE_SOURCE;
				ONLY_ACTIVE_ARCH = YES;
				SDKROOT = iphoneos;
				SWIFT_ACTIVE_COMPILATION_CONDITIONS = "DEBUG $(inherited)";
				SWIFT_OPTIMIZATION_LEVEL = "-Onone";
			};
			name = Debug;
		};
		A00000000000000000000401 /* Release */ = {
			isa = XCBuildConfiguration;
			buildSettings = {
				ALWAYS_SEARCH_USER_PATHS = NO;
				CLANG_ENABLE_MODULES = YES;
				CLANG_ENABLE_OBJC_ARC = YES;
				CLANG_WARN_QUOTED_INCLUDE_IN_FRAMEWORK_HEADER = YES;
				COPY_PHASE_STRIP = NO;
				DEBUG_INFORMATION_FORMAT = "dwarf-with-dsym";
				ENABLE_NS_ASSERTIONS = NO;
				GCC_C_LANGUAGE_STANDARD = gnu17;
				IPHONEOS_DEPLOYMENT_TARGET = 16.0;
				MTL_ENABLE_DEBUG_INFO = NO;
				SDKROOT = iphoneos;
				SWIFT_COMPILATION_MODE = wholemodule;
				VALIDATE_PRODUCT = YES;
			};
			name = Release;
		};
		A00000000000000000000402 /* Debug */ = {
			isa = XCBuildConfiguration;
			buildSettings = {
				CODE_SIGN_STYLE = Automatic;
				CURRENT_PROJECT_VERSION = 1;
				ENABLE_PREVIEWS = YES;
				GENERATE_INFOPLIST_FILE = NO;
				INFOPLIST_FILE = Veil/Resources/Info.plist;
				IPHONEOS_DEPLOYMENT_TARGET = 16.0;
				MARKETING_VERSION = 0.1.0;
				PRODUCT_BUNDLE_IDENTIFIER = com.veil.poc;
				PRODUCT_NAME = "$(TARGET_NAME)";
				SWIFT_EMIT_LOC_STRINGS = YES;
				SWIFT_VERSION = 5.9;
				TARGETED_DEVICE_FAMILY = "1,2";
			};
			name = Debug;
		};
		A00000000000000000000403 /* Release */ = {
			isa = XCBuildConfiguration;
			buildSettings = {
				CODE_SIGN_STYLE = Automatic;
				CURRENT_PROJECT_VERSION = 1;
				ENABLE_PREVIEWS = YES;
				GENERATE_INFOPLIST_FILE = NO;
				INFOPLIST_FILE = Veil/Resources/Info.plist;
				IPHONEOS_DEPLOYMENT_TARGET = 16.0;
				MARKETING_VERSION = 0.1.0;
				PRODUCT_BUNDLE_IDENTIFIER = com.veil.poc;
				PRODUCT_NAME = "$(TARGET_NAME)";
				SWIFT_EMIT_LOC_STRINGS = YES;
				SWIFT_VERSION = 5.9;
				TARGETED_DEVICE_FAMILY = "1,2";
			};
			name = Release;
		};
/* End XCBuildConfiguration section */

/* Begin XCConfigurationList section */
		A00000000000000000000500 /* Build configuration list for PBXProject "Veil" */ = {
			isa = XCConfigurationList;
			buildConfigurations = (A00000000000000000000400 /* Debug */, A00000000000000000000401 /* Release */);
			defaultConfigurationIsVisible = 0;
			defaultConfigurationName = Release;
		};
		A00000000000000000000501 /* Build configuration list for PBXNativeTarget "Veil" */ = {
			isa = XCConfigurationList;
			buildConfigurations = (A00000000000000000000402 /* Debug */, A00000000000000000000403 /* Release */);
			defaultConfigurationIsVisible = 0;
			defaultConfigurationName = Release;
		};
/* End XCConfigurationList section */
	};
	rootObject = A00000000000000000000100 /* Project object */;
}
